
Microsoft Visual Studio Solution File, Format Version 12.00
# Visual Studio Version 16
VisualStudioVersion = 25.0.1706.7
MinimumVisualStudioVersion = 10.0.40219.1
Project("{FAE04EC0-301F-11D3-BF4B-00C04F79EFBC}") = "AndreasBlog.Server", "AndreasBlog\Server\AndreasBlog.Server.csproj", "{4D203B0E-F5A2-4537-8065-F0AB41ADA12D}"
EndProject
Project("{FAE04EC0-301F-11D3-BF4B-00C04F79EFBC}") = "AndreasBlog.Client", "AndreasBlog\Client\AndreasBlog.Client.csproj", "{BE640B9E-6B16-4AB2-951D-7484F501C7D9}"
EndProject
Project("{FAE04EC0-301F-11D3-BF4B-00C04F79EFBC}") = "AndreasBlog.Shared", "AndreasBlog\Shared\AndreasBlog.Shared.csproj", "{06FC7D1C-9575-4571-859A-5D74839AB1F5}"
EndProject
Global
	GlobalSection(SolutionConfigurationPlatforms) = preSolution
		Debug|Any CPU = Debug|Any CPU
		Release|Any CPU = Release|Any CPU
	EndGlobalSection
	GlobalSection(ProjectConfigurationPlatforms) = postSolution
		{4D203B0E-F5A2-4537-8065-F0AB41ADA12D}.Debug|Any CPU.ActiveCfg = Debug|Any CPU
		{4D203B0E-F5A2-4537-8065-F0AB41ADA12D}.Debug|Any CPU.Build.0 = Debug|Any CPU
		{4D203B0E-F5A2-4537-8065-F0AB41ADA12D}.Release|Any CPU.ActiveCfg = Release|Any CPU
		{4D203B0E-F5A2-4537-8065-F0AB41ADA12D}.Release|Any CPU.Build.0 = Release|Any CPU
		{BE640B9E-6B16-4AB2-951D-7484F501C7D9}.Debug|Any CPU.ActiveCfg = Debug|Any CPU
		{BE640B9E-6B16-4AB2-951D-7484F501C7D9}.Debug|Any CPU.Build.0 = Debug|Any CPU
		{BE640B9E-6B16-4AB2-951D-7484F501C7D9}.Release|Any CPU.ActiveCfg = Release|Any CPU
		{BE640B9E-6B16-4AB2-951D-7484F501C7D9}.Release|Any CPU.Build.0 = Release|Any CPU
		{06FC7D1C-9575-4571-859A-5D74839AB1F5}.Debug|Any CPU.ActiveCfg = Debug|Any CPU
		{06FC7D1C-9575-4571-859A-5D74839AB1F5}.Debug|Any CPU.Build.0 = Debug|Any CPU
		{06FC7D1C-9575-4571-859A-5D74839AB1F5}.Release|Any CPU.ActiveCfg = Release|Any CPU
		{06FC7D1C-9575-4571-859A-5D74839AB1F5}.Release|Any CPU.Build.0 = Release|Any CPU
	EndGlobalSection
	GlobalSection(SolutionProperties) = preSolution
		HideSolutionNode = FALSE
	EndGlobalSection
	GlobalSection(ExtensibilityGlobals) = postSolution
		SolutionGuid = {37B920A4-1112-4226-B996-0C55AE399FA1}
	EndGlobalSection
EndGlobal
